
Microsoft Visual Studio Solution File, Format Version 12.00
# Visual Studio 15
VisualStudioVersion = 15.0.26403.7
MinimumVisualStudioVersion = 10.0.40219.1
Project("{FAE04EC0-301F-11D3-BF4B-00C04F79EFBC}") = "SiAOD_LR5", "SiAOD_LR5\SiAOD_LR5.csproj", "{96D0F400-9427-425A-8509-73F3F623ACCC}"
EndProject
Project("{FAE04EC0-301F-11D3-BF4B-00C04F79EFBC}") = "TestLR5", "TestLR5\TestLR5.csproj", "{9A9A8B12-08C0-4148-AB90-50E47FB6474A}"
EndProject
Global
	GlobalSection(SolutionConfigurationPlatforms) = preSolution
		Debug|Any CPU = Debug|Any CPU
		Release|Any CPU = Release|Any CPU
	EndGlobalSection
	GlobalSection(ProjectConfigurationPlatforms) = postSolution
		{96D0F400-9427-425A-8509-73F3F623ACCC}.Debug|Any CPU.ActiveCfg = Debug|Any CPU
		{96D0F400-9427-425A-8509-73F3F623ACCC}.Debug|Any CPU.Build.0 = Debug|Any CPU
		{96D0F400-9427-425A-8509-73F3F623ACCC}.Release|Any CPU.ActiveCfg = Release|Any CPU
		{96D0F400-9427-425A-8509-73F3F623ACCC}.Release|Any CPU.Build.0 = Release|Any CPU
		{9A9A8B12-08C0-4148-AB90-50E47FB6474A}.Debug|Any CPU.ActiveCfg = Debug|Any CPU
		{9A9A8B12-08C0-4148-AB90-50E47FB6474A}.Debug|Any CPU.Build.0 = Debug|Any CPU
		{9A9A8B12-08C0-4148-AB90-50E47FB6474A}.Release|Any CPU.ActiveCfg = Release|Any CPU
		{9A9A8B12-08C0-4148-AB90-50E47FB6474A}.Release|Any CPU.Build.0 = Release|Any CPU
	EndGlobalSection
	GlobalSection(SolutionProperties) = preSolution
		HideSolutionNode = FALSE
	EndGlobalSection
EndGlobal
